{
    "version": 3,
    "terraform_version": "0.11.3",
    "serial": 8,
    "lineage": "8214d622-38e7-491e-abf5-92ada94eb9cf",
    "modules": [
        {
            "path": [
                "root"
            ],
            "outputs": {
                "members": {
                    "sensitive": false,
                    "type": "list",
                    "value": [
                        "sherzberg"
                    ]
                }
            },
            "resources": {
                "data.github_team.devopsdsm": {
                    "type": "github_team",
                    "depends_on": [],
                    "primary": {
                        "id": "2725059",
                        "attributes": {
                            "description": "",
                            "id": "2725059",
                            "members.#": "1",
                            "members.0": "sherzberg",
                            "name": "super-awesome-team",
                            "permission": "pull",
                            "privacy": "secret",
                            "slug": "super-awesome-team"
                        },
                        "meta": {},
                        "tainted": false
                    },
                    "deposed": [],
                    "provider": "provider.github"
                },
                "digitalocean_droplet.dev-box": {
                    "type": "digitalocean_droplet",
                    "depends_on": [
                        "data.github_team.devopsdsm"
                    ],
                    "primary": {
                        "id": "89402514",
                        "attributes": {
                            "disk": "20",
                            "id": "89402514",
                            "image": "ubuntu-16-04-x64",
                            "ipv4_address": "167.99.3.236",
                            "locked": "false",
                            "name": "sherzberg",
                            "price_hourly": "0.00744",
                            "price_monthly": "5",
                            "region": "nyc1",
                            "resize_disk": "true",
                            "size": "512mb",
                            "status": "active",
                            "tags.#": "0",
                            "vcpus": "1"
                        },
                        "meta": {},
                        "tainted": false
                    },
                    "deposed": [],
                    "provider": "provider.digitalocean"
                },
                "mysql_database.dev-database": {
                    "type": "mysql_database",
                    "depends_on": [],
                    "primary": {
                        "id": "development",
                        "attributes": {
                            "default_character_set": "utf8",
                            "default_collation": "utf8_general_ci",
                            "id": "development",
                            "name": "development"
                        },
                        "meta": {},
                        "tainted": false
                    },
                    "deposed": [],
                    "provider": "provider.mysql"
                }
            },
            "depends_on": []
        }
    ]
}
